<?xml version="1.0" encoding="utf-8"?>
<Project ToolsVersion="4.0" xmlns="http://schemas.microsoft.com/developer/msbuild/2003">
  <ItemGroup>
    <ClCompile Include="..\SmbiosDecode.c" />
  </ItemGroup>
  <ItemGroup>
    <ClInclude Include="..\SMBIOS.h" />
    <ClInclude Include="..\SMBIOS.TypeInfo.h" />
  </ItemGroup>
  <ItemGroup>
    <None Include="..\SMBIOS.TypeInfo.inl" />
  </ItemGroup>
</Project>